Microsoft Visual Studio Solution File, Format Version 12.00
# Visual Studio Version 17
VisualStudioVersion = 17.5.2.0
MinimumVisualStudioVersion = 10.0.40219.1
Project("{2150E333-8FDC-42A3-9474-1A3956D46DE8}") = "Source", "Source", "{B8EFCA5F-814F-285C-A8CB-F00F14650265}"
EndProject
Project("{FAE04EC0-301F-11D3-BF4B-00C04F79EFBC}") = "ItemTextureViewer", "Source\ItemTextureViewer\ItemTextureViewer.csproj", "{31CB26F2-03DB-2D7E-15D7-6320D69866EB}"
EndProject
Global
	GlobalSection(SolutionConfigurationPlatforms) = preSolution
		Debug|Any CPU = Debug|Any CPU
		Release|Any CPU = Release|Any CPU
	EndGlobalSection
	GlobalSection(ProjectConfigurationPlatforms) = postSolution
		{31CB26F2-03DB-2D7E-15D7-6320D69866EB}.Debug|Any CPU.ActiveCfg = Debug|Any CPU
		{31CB26F2-03DB-2D7E-15D7-6320D69866EB}.Debug|Any CPU.Build.0 = Debug|Any CPU
		{31CB26F2-03DB-2D7E-15D7-6320D69866EB}.Release|Any CPU.ActiveCfg = Release|Any CPU
		{31CB26F2-03DB-2D7E-15D7-6320D69866EB}.Release|Any CPU.Build.0 = Release|Any CPU
	EndGlobalSection
	GlobalSection(SolutionProperties) = preSolution
		HideSolutionNode = FALSE
	EndGlobalSection
	GlobalSection(NestedProjects) = preSolution
		{31CB26F2-03DB-2D7E-15D7-6320D69866EB} = {B8EFCA5F-814F-285C-A8CB-F00F14650265}
	EndGlobalSection
	GlobalSection(ExtensibilityGlobals) = postSolution
		SolutionGuid = {7230571B-39EC-498E-9C82-D7B885900D38}
	EndGlobalSection
EndGlobal
